// !$*UTF8*$!
{
	archiveVersion = 1;
	classes = {
	};
	objectVersion = 56;
	objects = {

/* Begin PBXBuildFile section */
		2976C7F02B534A3300BFBA57 /* AppDelegate.swift in Sources */ = {isa = PBXBuildFile; fileRef = 2976C7EF2B534A3300BFBA57 /* AppDelegate.swift */; };
		2976C7F22B534A3300BFBA57 /* SceneDelegate.swift in Sources */ = {isa = PBXBuildFile; fileRef = 2976C7F12B534A3300BFBA57 /* SceneDelegate.swift */; };
		2976C7F42B534A3300BFBA57 /* ViewController.swift in Sources */ = {isa = PBXBuildFile; fileRef = 2976C7F32B534A3300BFBA57 /* ViewController.swift */; };
		2976C7F72B534A3300BFBA57 /* Main.storyboard in Resources */ = {isa = PBXBuildFile; fileRef = 2976C7F52B534A3300BFBA57 /* Main.storyboard */; };
		2976C7F92B534A3500BFBA57 /* Assets.xcassets in Resources */ = {isa = PBXBuildFile; fileRef = 2976C7F82B534A3500BFBA57 /* Assets.xcassets */; };
		2976C7FC2B534A3500BFBA57 /* LaunchScreen.storyboard in Resources */ = {isa = PBXBuildFile; fileRef = 2976C7FA2B534A3500BFBA57 /* LaunchScreen.storyboard */; };
		2976C8072B534A3500BFBA57 /* CatchTheKennyGameTests.swift in Sources */ = {isa = PBXBuildFile; fileRef = 2976C8062B534A3500BFBA57 /* CatchTheKennyGameTests.swift */; };
		2976C8112B534A3500BFBA57 /* CatchTheKennyGameUITests.swift in Sources */ = {isa = PBXBuildFile; fileRef = 2976C8102B534A3500BFBA57 /* CatchTheKennyGameUITests.swift */; };
		2976C8132B534A3500BFBA57 /* CatchTheKennyGameUITestsLaunchTests.swift in Sources */ = {isa = PBXBuildFile; fileRef = 2976C8122B534A3500BFBA57 /* CatchTheKennyGameUITestsLaunchTests.swift */; };
/* End PBXBuildFile section */

/* Begin PBXContainerItemProxy section */
		2976C8032B534A3500BFBA57 /* PBXContainerItemProxy */ = {
			isa = PBXContainerItemProxy;
			containerPortal = 2976C7E42B534A3300BFBA57 /* Project object */;
			proxyType = 1;
			remoteGlobalIDString = 2976C7EB2B534A3300BFBA57;
			remoteInfo = CatchTheKennyGame;
		};
		2976C80D2B534A3500BFBA57 /* PBXContainerItemProxy */ = {
			isa = PBXContainerItemProxy;
			containerPortal = 2976C7E42B534A3300BFBA57 /* Project object */;
			proxyType = 1;
			remoteGlobalIDString = 2976C7EB2B534A3300BFBA57;
			remoteInfo = CatchTheKennyGame;
		};
/* End PBXContainerItemProxy section */

/* Begin PBXFileReference section */
		2976C7EC2B534A3300BFBA57 /* CatchTheKennyGame.app */ = {isa = PBXFileReference; explicitFileType = wrapper.application; includeInIndex = 0; path = CatchTheKennyGame.app; sourceTree = BUILT_PRODUCTS_DIR; };
		2976C7EF2B534A3300BFBA57 /* AppDelegate.swift */ = {isa = PBXFileReference; lastKnownFileType = sourcecode.swift; path = AppDelegate.swift; sourceTree = "<group>"; };
		2976C7F12B534A3300BFBA57 /* SceneDelegate.swift */ = {isa = PBXFileReference; lastKnownFileType = sourcecode.swift; path = SceneDelegate.swift; sourceTree = "<group>"; };
		2976C7F32B534A3300BFBA57 /* ViewController.swift */ = {isa = PBXFileReference; lastKnownFileType = sourcecode.swift; path = ViewController.swift; sourceTree = "<group>"; };
		2976C7F62B534A3300BFBA57 /* Base */ = {isa = PBXFileReference; lastKnownFileType = file.storyboard; name = Base; path = Base.lproj/Main.storyboard; sourceTree = "<group>"; };
		2976C7F82B534A3500BFBA57 /* Assets.xcassets */ = {isa = PBXFileReference; lastKnownFileType = folder.assetcatalog; path = Assets.xcassets; sourceTree = "<group>"; };
		2976C7FB2B534A3500BFBA57 /* Base */ = {isa = PBXFileReference; lastKnownFileType = file.storyboard; name = Base; path = Base.lproj/LaunchScreen.storyboard; sourceTree = "<group>"; };
		2976C7FD2B534A3500BFBA57 /* Info.plist */ = {isa = PBXFileReference; lastKnownFileType = text.plist.xml; path = Info.plist; sourceTree = "<group>"; };
		2976C8022B534A3500BFBA57 /* CatchTheKennyGameTests.xctest */ = {isa = PBXFileReference; explicitFileType = wrapper.cfbundle; includeInIndex = 0; path = CatchTheKennyGameTests.xctest; sourceTree = BUILT_PRODUCTS_DIR; };
		2976C8062B534A3500BFBA57 /* CatchTheKennyGameTests.swift */ = {isa = PBXFileReference; lastKnownFileType = sourcecode.swift; path = CatchTheKennyGameTests.swift; sourceTree = "<group>"; };
		2976C80C2B534A3500BFBA57 /* CatchTheKennyGameUITests.xctest */ = {isa = PBXFileReference; explicitFileType = wrapper.cfbundle; includeInIndex = 0; path = CatchTheKennyGameUITests.xctest; sourceTree = BUILT_PRODUCTS_DIR; };
		2976C8102B534A3500BFBA57 /* CatchTheKennyGameUITests.swift */ = {isa = PBXFileReference; lastKnownFileType = sourcecode.swift; path = CatchTheKennyGameUITests.swift; sourceTree = "<group>"; };
		2976C8122B534A3500BFBA57 /* CatchTheKennyGameUITestsLaunchTests.swift */ = {isa = PBXFileReference; lastKnownFileType = sourcecode.swift; path = CatchTheKennyGameUITestsLaunchTests.swift; sourceTree = "<group>"; };
/* End PBXFileReference section */

/* Begin PBXFrameworksBuildPhase section */
		2976C7E92B534A3300BFBA57 /* Frameworks */ = {
			isa = PBXFrameworksBuildPhase;
			buildActionMask = 2147483647;
			files = (
			);
			runOnlyForDeploymentPostprocessing = 0;
		};
		2976C7FF2B534A3500BFBA57 /* Frameworks */ = {
			isa = PBXFrameworksBuildPhase;
			buildActionMask = 2147483647;
			files = (
			);
			runOnlyForDeploymentPostprocessing = 0;
		};
		2976C8092B534A3500BFBA57 /* Frameworks */ = {
			isa = PBXFrameworksBuildPhase;
			buildActionMask = 2147483647;
			files = (
			);
			runOnlyForDeploymentPostprocessing = 0;
		};
/* End PBXFrameworksBuildPhase section */

/* Begin PBXGroup section */
		2976C7E32B534A3300BFBA57 = {
			isa = PBXGroup;
			children = (
				2976C7EE2B534A3300BFBA57 /* CatchTheKennyGame */,
				2976C8052B534A3500BFBA57 /* CatchTheKennyGameTests */,
				2976C80F2B534A3500BFBA57 /* CatchTheKennyGameUITests */,
				2976C7ED2B534A3300BFBA57 /* Products */,
			);
			sourceTree = "<group>";
		};
		2976C7ED2B534A3300BFBA57 /* Products */ = {
			isa = PBXGroup;
			children = (
				2976C7EC2B534A3300BFBA57 /* CatchTheKennyGame.app */,
				2976C8022B534A3500BFBA57 /* CatchTheKennyGameTests.xctest */,
				2976C80C2B534A3500BFBA57 /* CatchTheKennyGameUITests.xctest */,
			);
			name = Products;
			sourceTree = "<group>";
		};
		2976C7EE2B534A3300BFBA57 /* CatchTheKennyGame */ = {
			isa = PBXGroup;
			children = (
				2976C7EF2B534A3300BFBA57 /* AppDelegate.swift */,
				2976C7F12B534A3300BFBA57 /* SceneDelegate.swift */,
				2976C7F32B534A3300BFBA57 /* ViewController.swift */,
				2976C7F52B534A3300BFBA57 /* Main.storyboard */,
				2976C7F82B534A3500BFBA57 /* Assets.xcassets */,
				2976C7FA2B534A3500BFBA57 /* LaunchScreen.storyboard */,
				2976C7FD2B534A3500BFBA57 /* Info.plist */,
			);
			path = CatchTheKennyGame;
			sourceTree = "<group>";
		};
		2976C8052B534A3500BFBA57 /* CatchTheKennyGameTests */ = {
			isa = PBXGroup;
			children = (
				2976C8062B534A3500BFBA57 /* CatchTheKennyGameTests.swift */,
			);
			path = CatchTheKennyGameTests;
			sourceTree = "<group>";
		};
		2976C80F2B534A3500BFBA57 /* CatchTheKennyGameUITests */ = {
			isa = PBXGroup;
			children = (
				2976C8102B534A3500BFBA57 /* CatchTheKennyGameUITests.swift */,
				2976C8122B534A3500BFBA57 /* CatchTheKennyGameUITestsLaunchTests.swift */,
			);
			path = CatchTheKennyGameUITests;
			sourceTree = "<group>";
		};
/* End PBXGroup section */

/* Begin PBXNativeTarget section */
		2976C7EB2B534A3300BFBA57 /* CatchTheKennyGame */ = {
			isa = PBXNativeTarget;
			buildConfigurationList = 2976C8162B534A3600BFBA57 /* Build configuration list for PBXNativeTarget "CatchTheKennyGame" */;
			buildPhases = (
				2976C7E82B534A3300BFBA57 /* Sources */,
				2976C7E92B534A3300BFBA57 /* Frameworks */,
				2976C7EA2B534A3300BFBA57 /* Resources */,
			);
			buildRules = (
			);
			dependencies = (
			);
			name = CatchTheKennyGame;
			productName = CatchTheKennyGame;
			productReference = 2976C7EC2B534A3300BFBA57 /* CatchTheKennyGame.app */;
			productType = "com.apple.product-type.application";
		};
		2976C8012B534A3500BFBA57 /* CatchTheKennyGameTests */ = {
			isa = PBXNativeTarget;
			buildConfigurationList = 2976C8192B534A3600BFBA57 /* Build configuration list for PBXNativeTarget "CatchTheKennyGameTests" */;
			buildPhases = (
				2976C7FE2B534A3500BFBA57 /* Sources */,
				2976C7FF2B534A3500BFBA57 /* Frameworks */,
				2976C8002B534A3500BFBA57 /* Resources */,
			);
			buildRules = (
			);
			dependencies = (
				2976C8042B534A3500BFBA57 /* PBXTargetDependency */,
			);
			name = CatchTheKennyGameTests;
			productName = CatchTheKennyGameTests;
			productReference = 2976C8022B534A3500BFBA57 /* CatchTheKennyGameTests.xctest */;
			productType = "com.apple.product-type.bundle.unit-test";
		};
		2976C80B2B534A3500BFBA57 /* CatchTheKennyGameUITests */ = {
			isa = PBXNativeTarget;
			buildConfigurationList = 2976C81C2B534A3600BFBA57 /* Build configuration list for PBXNativeTarget "CatchTheKennyGameUITests" */;
			buildPhases = (
				2976C8082B534A3500BFBA57 /* Sources */,
				2976C8092B534A3500BFBA57 /* Frameworks */,
				2976C80A2B534A3500BFBA57 /* Resources */,
			);
			buildRules = (
			);
			dependencies = (
				2976C80E2B534A3500BFBA57 /* PBXTargetDependency */,
			);
			name = CatchTheKennyGameUITests;
			productName = CatchTheKennyGameUITests;
			productReference = 2976C80C2B534A3500BFBA57 /* CatchTheKennyGameUITests.xctest */;
			productType = "com.apple.product-type.bundle.ui-testing";
		};
/* End PBXNativeTarget section */

/* Begin PBXProject section */
		2976C7E42B534A3300BFBA57 /* Project object */ = {
			isa = PBXProject;
			attributes = {
				BuildIndependentTargetsInParallel = 1;
				LastSwiftUpdateCheck = 1520;
				LastUpgradeCheck = 1520;
				TargetAttributes = {
					2976C7EB2B534A3300BFBA57 = {
						CreatedOnToolsVersion = 15.2;
					};
					2976C8012B534A3500BFBA57 = {
						CreatedOnToolsVersion = 15.2;
						TestTargetID = 2976C7EB2B534A3300BFBA57;
					};
					2976C80B2B534A3500BFBA57 = {
						CreatedOnToolsVersion = 15.2;
						TestTargetID = 2976C7EB2B534A3300BFBA57;
					};
				};
			};
			buildConfigurationList = 2976C7E72B534A3300BFBA57 /* Build configuration list for PBXProject "CatchTheKennyGame" */;
			compatibilityVersion = "Xcode 14.0";
			developmentRegion = en;
			hasScannedForEncodings = 0;
			knownRegions = (
				en,
				Base,
			);
			mainGroup = 2976C7E32B534A3300BFBA57;
			productRefGroup = 2976C7ED2B534A3300BFBA57 /* Products */;
			projectDirPath = "";
			projectRoot = "";
			targets = (
				2976C7EB2B534A3300BFBA57 /* CatchTheKennyGame */,
				2976C8012B534A3500BFBA57 /* CatchTheKennyGameTests */,
				2976C80B2B534A3500BFBA57 /* CatchTheKennyGameUITests */,
			);
		};
/* End PBXProject section */

/* Begin PBXResourcesBuildPhase section */
		2976C7EA2B534A3300BFBA57 /* Resources */ = {
			isa = PBXResourcesBuildPhase;
			buildActionMask = 2147483647;
			files = (
				2976C7FC2B534A3500BFBA57 /* LaunchScreen.storyboard in Resources */,
				2976C7F92B534A3500BFBA57 /* Assets.xcassets in Resources */,
				2976C7F72B534A3300BFBA57 /* Main.storyboard in Resources */,
			);
			runOnlyForDeploymentPostprocessing = 0;
		};
		2976C8002B534A3500BFBA57 /* Resources */ = {
			isa = PBXResourcesBuildPhase;
			buildActionMask = 2147483647;
			files = (
			);
			runOnlyForDeploymentPostprocessing = 0;
		};
		2976C80A2B534A3500BFBA57 /* Resources */ = {
			isa = PBXResourcesBuildPhase;
			buildActionMask = 2147483647;
			files = (
			);
			runOnlyForDeploymentPostprocessing = 0;
		};
/* End PBXResourcesBuildPhase section */

/* Begin PBXSourcesBuildPhase section */
		2976C7E82B534A3300BFBA57 /* Sources */ = {
			isa = PBXSourcesBuildPhase;
			buildActionMask = 2147483647;
			files = (
				2976C7F42B534A3300BFBA57 /* ViewController.swift in Sources */,
				2976C7F02B534A3300BFBA57 /* AppDelegate.swift in Sources */,
				2976C7F22B534A3300BFBA57 /* SceneDelegate.swift in Sources */,
			);
			runOnlyForDeploymentPostprocessing = 0;
		};
		2976C7FE2B534A3500BFBA57 /* Sources */ = {
			isa = PBXSourcesBuildPhase;
			buildActionMask = 2147483647;
			files = (
				2976C8072B534A3500BFBA57 /* CatchTheKennyGameTests.swift in Sources */,
			);
			runOnlyForDeploymentPostprocessing = 0;
		};
		2976C8082B534A3500BFBA57 /* Sources */ = {
			isa = PBXSourcesBuildPhase;
			buildActionMask = 2147483647;
			files = (
				2976C8132B534A3500BFBA57 /* CatchTheKennyGameUITestsLaunchTests.swift in Sources */,
				2976C8112B534A3500BFBA57 /* CatchTheKennyGameUITests.swift in Sources */,
			);
			runOnlyForDeploymentPostprocessing = 0;
		};
/* End PBXSourcesBuildPhase section */

/* Begin PBXTargetDependency section */
		2976C8042B534A3500BFBA57 /* PBXTargetDependency */ = {
			isa = PBXTargetDependency;
			target = 2976C7EB2B534A3300BFBA57 /* CatchTheKennyGame */;
			targetProxy = 2976C8032B534A3500BFBA57 /* PBXContainerItemProxy */;
		};
		2976C80E2B534A3500BFBA57 /* PBXTargetDependency */ = {
			isa = PBXTargetDependency;
			target = 2976C7EB2B534A3300BFBA57 /* CatchTheKennyGame */;
			targetProxy = 2976C80D2B534A3500BFBA57 /* PBXContainerItemProxy */;
		};
/* End PBXTargetDependency section */

/* Begin PBXVariantGroup section */
		2976C7F52B534A3300BFBA57 /* Main.storyboard */ = {
			isa = PBXVariantGroup;
			children = (
				2976C7F62B534A3300BFBA57 /* Base */,
			);
			name = Main.storyboard;
			sourceTree = "<group>";
		};
		2976C7FA2B534A3500BFBA57 /* LaunchScreen.storyboard */ = {
			isa = PBXVariantGroup;
			children = (
				2976C7FB2B534A3500BFBA57 /* Base */,
			);
			name = LaunchScreen.storyboard;
			sourceTree = "<group>";
		};
/* End PBXVariantGroup section */

/* Begin XCBuildConfiguration section */
		2976C8142B534A3600BFBA57 /* Debug */ = {
			isa = XCBuildConfiguration;
			buildSettings = {
				ALWAYS_SEARCH_USER_PATHS = NO;
				ASSETCATALOG_COMPILER_GENERATE_SWIFT_ASSET_SYMBOL_EXTENSIONS = YES;
				CLANG_ANALYZER_NONNULL = YES;
				CLANG_ANALYZER_NUMBER_OBJECT_CONVERSION = YES_AGGRESSIVE;
				CLANG_CXX_LANGUAGE_STANDARD = "gnu++20";
				CLANG_ENABLE_MODULES = YES;
				CLANG_ENABLE_OBJC_ARC = YES;
				CLANG_ENABLE_OBJC_WEAK = YES;
				CLANG_WARN_BLOCK_CAPTURE_AUTORELEASING = YES;
				CLANG_WARN_BOOL_CONVERSION = YES;
				CLANG_WARN_COMMA = YES;
				CLANG_WARN_CONSTANT_CONVERSION = YES;
				CLANG_WARN_DEPRECATED_OBJC_IMPLEMENTATIONS = YES;
				CLANG_WARN_DIRECT_OBJC_ISA_USAGE = YES_ERROR;
				CLANG_WARN_DOCUMENTATION_COMMENTS = YES;
				CLANG_WARN_EMPTY_BODY = YES;
				CLANG_WARN_ENUM_CONVERSION = YES;
				CLANG_WARN_INFINITE_RECURSION = YES;
				CLANG_WARN_INT_CONVERSION = YES;
				CLANG_WARN_NON_LITERAL_NULL_CONVERSION = YES;
				CLANG_WARN_OBJC_IMPLICIT_RETAIN_SELF = YES;
				CLANG_WARN_OBJC_LITERAL_CONVERSION = YES;
				CLANG_WARN_OBJC_ROOT_CLASS = YES_ERROR;
				CLANG_WARN_QUOTED_INCLUDE_IN_FRAMEWORK_HEADER = YES;
				CLANG_WARN_RANGE_LOOP_ANALYSIS = YES;
				CLANG_WARN_STRICT_PROTOTYPES = YES;
				CLANG_WARN_SUSPICIOUS_MOVE = YES;
				CLANG_WARN_UNGUARDED_AVAILABILITY = YES_AGGRESSIVE;
				CLANG_WARN_UNREACHABLE_CODE = YES;
				CLANG_WARN__DUPLICATE_METHOD_MATCH = YES;
				COPY_PHASE_STRIP = NO;
				DEBUG_INFORMATION_FORMAT = dwarf;
				ENABLE_STRICT_OBJC_MSGSEND = YES;
				ENABLE_TESTABILITY = YES;
				ENABLE_USER_SCRIPT_SANDBOXING = YES;
				GCC_C_LANGUAGE_STANDARD = gnu17;
				GCC_DYNAMIC_NO_PIC = NO;
				GCC_NO_COMMON_BLOCKS = YES;
				GCC_OPTIMIZATION_LEVEL = 0;
				GCC_PREPROCESSOR_DEFINITIONS = (
					"DEBUG=1",
					"$(inherited)",
				);
				GCC_WARN_64_TO_32_BIT_CONVERSION = YES;
				GCC_WARN_ABOUT_RETURN_TYPE = YES_ERROR;
				GCC_WARN_UNDECLARED_SELECTOR = YES;
				GCC_WARN_UNINITIALIZED_AUTOS = YES_AGGRESSIVE;
				GCC_WARN_UNUSED_FUNCTION = YES;
				GCC_WARN_UNUSED_VARIABLE = YES;
				IPHONEOS_DEPLOYMENT_TARGET = 17.2;
				LOCALIZATION_PREFERS_STRING_CATALOGS = YES;
				MTL_ENABLE_DEBUG_INFO = INCLUDE_SOURCE;
				MTL_FAST_MATH = YES;
				ONLY_ACTIVE_ARCH = YES;
				SDKROOT = iphoneos;
				SWIFT_ACTIVE_COMPILATION_CONDITIONS = "DEBUG $(inherited)";
				SWIFT_OPTIMIZATION_LEVEL = "-Onone";
			};
			name = Debug;
		};
		2976C8152B534A3600BFBA57 /* Release */ = {
			isa = XCBuildConfiguration;
			buildSettings = {
				ALWAYS_SEARCH_USER_PATHS = NO;
				ASSETCATALOG_COMPILER_GENERATE_SWIFT_ASSET_SYMBOL_EXTENSIONS = YES;
				CLANG_ANALYZER_NONNULL = YES;
				CLANG_ANALYZER_NUMBER_OBJECT_CONVERSION = YES_AGGRESSIVE;
				CLANG_CXX_LANGUAGE_STANDARD = "gnu++20";
				CLANG_ENABLE_MODULES = YES;
				CLANG_ENABLE_OBJC_ARC = YES;
				CLANG_ENABLE_OBJC_WEAK = YES;
				CLANG_WARN_BLOCK_CAPTURE_AUTORELEASING = YES;
				CLANG_WARN_BOOL_CONVERSION = YES;
				CLANG_WARN_COMMA = YES;
				CLANG_WARN_CONSTANT_CONVERSION = YES;
				CLANG_WARN_DEPRECATED_OBJC_IMPLEMENTATIONS = YES;
				CLANG_WARN_DIRECT_OBJC_ISA_USAGE = YES_ERROR;
				CLANG_WARN_DOCUMENTATION_COMMENTS = YES;
				CLANG_WARN_EMPTY_BODY = YES;
				CLANG_WARN_ENUM_CONVERSION = YES;
				CLANG_WARN_INFINITE_RECURSION = YES;
				CLANG_WARN_INT_CONVERSION = YES;
				CLANG_WARN_NON_LITERAL_NULL_CONVERSION = YES;
				CLANG_WARN_OBJC_IMPLICIT_RETAIN_SELF = YES;
				CLANG_WARN_OBJC_LITERAL_CONVERSION = YES;
				CLANG_WARN_OBJC_ROOT_CLASS = YES_ERROR;
				CLANG_WARN_QUOTED_INCLUDE_IN_FRAMEWORK_HEADER = YES;
				CLANG_WARN_RANGE_LOOP_ANALYSIS = YES;
				CLANG_WARN_STRICT_PROTOTYPES = YES;
				CLANG_WARN_SUSPICIOUS_MOVE = YES;
				CLANG_WARN_UNGUARDED_AVAILABILITY = YES_AGGRESSIVE;
				CLANG_WARN_UNREACHABLE_CODE = YES;
				CLANG_WARN__DUPLICATE_METHOD_MATCH = YES;
				COPY_PHASE_STRIP = NO;
				DEBUG_INFORMATION_FORMAT = "dwarf-with-dsym";
				ENABLE_NS_ASSERTIONS = NO;
				ENABLE_STRICT_OBJC_MSGSEND = YES;
				ENABLE_USER_SCRIPT_SANDBOXING = YES;
				GCC_C_LANGUAGE_STANDARD = gnu17;
				GCC_NO_COMMON_BLOCKS = YES;
				GCC_WARN_64_TO_32_BIT_CONVERSION = YES;
				GCC_WARN_ABOUT_RETURN_TYPE = YES_ERROR;
				GCC_WARN_UNDECLARED_SELECTOR = YES;
				GCC_WARN_UNINITIALIZED_AUTOS = YES_AGGRESSIVE;
				GCC_WARN_UNUSED_FUNCTION = YES;
				GCC_WARN_UNUSED_VARIABLE = YES;
				IPHONEOS_DEPLOYMENT_TARGET = 17.2;
				LOCALIZATION_PREFERS_STRING_CATALOGS = YES;
				MTL_ENABLE_DEBUG_INFO = NO;
				MTL_FAST_MATH = YES;
				SDKROOT = iphoneos;
				SWIFT_COMPILATION_MODE = wholemodule;
				VALIDATE_PRODUCT = YES;
			};
			name = Release;
		};
		2976C8172B534A3600BFBA57 /* Debug */ = {
			isa = XCBuildConfiguration;
			buildSettings = {
				ASSETCATALOG_COMPILER_APPICON_NAME = AppIcon;
				ASSETCATALOG_COMPILER_GLOBAL_ACCENT_COLOR_NAME = AccentColor;
				CODE_SIGN_STYLE = Automatic;
				CURRENT_PROJECT_VERSION = 1;
				GENERATE_INFOPLIST_FILE = YES;
				INFOPLIST_FILE = CatchTheKennyGame/Info.plist;
				INFOPLIST_KEY_UIApplicationSupportsIndirectInputEvents = YES;
				INFOPLIST_KEY_UILaunchStoryboardName = LaunchScreen;
				INFOPLIST_KEY_UIMainStoryboardFile = Main;
				INFOPLIST_KEY_UISupportedInterfaceOrientations_iPad = "UIInterfaceOrientationPortrait UIInterfaceOrientationPortraitUpsideDown UIInterfaceOrientationLandscapeLeft UIInterfaceOrientationLandscapeRight";
				INFOPLIST_KEY_UISupportedInterfaceOrientations_iPhone = "UIInterfaceOrientationPortrait UIInterfaceOrientationLandscapeLeft UIInterfaceOrientationLandscapeRight";
				LD_RUNPATH_SEARCH_PATHS = (
					"$(inherited)",
					"@executable_path/Frameworks",
				);
				MARKETING_VERSION = 1.0;
				PRODUCT_BUNDLE_IDENTIFIER = com.irfanakgul.CatchTheKennyGame;
				PRODUCT_NAME = "$(TARGET_NAME)";
				SWIFT_EMIT_LOC_STRINGS = YES;
				SWIFT_VERSION = 5.0;
				TARGETED_DEVICE_FAMILY = "1,2";
			};
			name = Debug;
		};
		2976C8182B534A3600BFBA57 /* Release */ = {
			isa = XCBuildConfiguration;
			buildSettings = {
				ASSETCATALOG_COMPILER_APPICON_NAME = AppIcon;
				ASSETCATALOG_COMPILER_GLOBAL_ACCENT_COLOR_NAME = AccentColor;
				CODE_SIGN_STYLE = Automatic;
				CURRENT_PROJECT_VERSION = 1;
				GENERATE_INFOPLIST_FILE = YES;
				INFOPLIST_FILE = CatchTheKennyGame/Info.plist;
				INFOPLIST_KEY_UIApplicationSupportsIndirectInputEvents = YES;
				INFOPLIST_KEY_UILaunchStoryboardName = LaunchScreen;
				INFOPLIST_KEY_UIMainStoryboardFile = Main;
				INFOPLIST_KEY_UISupportedInterfaceOrientations_iPad = "UIInterfaceOrientationPortrait UIInterfaceOrientationPortraitUpsideDown UIInterfaceOrientationLandscapeLeft UIInterfaceOrientationLandscapeRight";
				INFOPLIST_KEY_UISupportedInterfaceOrientations_iPhone = "UIInterfaceOrientationPortrait UIInterfaceOrientationLandscapeLeft UIInterfaceOrientationLandscapeRight";
				LD_RUNPATH_SEARCH_PATHS = (
					"$(inherited)",
					"@executable_path/Frameworks",
				);
				MARKETING_VERSION = 1.0;
				PRODUCT_BUNDLE_IDENTIFIER = com.irfanakgul.CatchTheKennyGame;
				PRODUCT_NAME = "$(TARGET_NAME)";
				SWIFT_EMIT_LOC_STRINGS = YES;
				SWIFT_VERSION = 5.0;
				TARGETED_DEVICE_FAMILY = "1,2";
			};
			name = Release;
		};
		2976C81A2B534A3600BFBA57 /* Debug */ = {
			isa = XCBuildConfiguration;
			buildSettings = {
				ALWAYS_EMBED_SWIFT_STANDARD_LIBRARIES = YES;
				BUNDLE_LOADER = "$(TEST_HOST)";
				CODE_SIGN_STYLE = Automatic;
				CURRENT_PROJECT_VERSION = 1;
				GENERATE_INFOPLIST_FILE = YES;
				IPHONEOS_DEPLOYMENT_TARGET = 17.2;
				MARKETING_VERSION = 1.0;
				PRODUCT_BUNDLE_IDENTIFIER = com.irfanakgul.CatchTheKennyGameTests;
				PRODUCT_NAME = "$(TARGET_NAME)";
				SWIFT_EMIT_LOC_STRINGS = NO;
				SWIFT_VERSION = 5.0;
				TARGETED_DEVICE_FAMILY = "1,2";
				TEST_HOST = "$(BUILT_PRODUCTS_DIR)/CatchTheKennyGame.app/$(BUNDLE_EXECUTABLE_FOLDER_PATH)/CatchTheKennyGame";
			};
			name = Debug;
		};
		2976C81B2B534A3600BFBA57 /* Release */ = {
			isa = XCBuildConfiguration;
			buildSettings = {
				ALWAYS_EMBED_SWIFT_STANDARD_LIBRARIES = YES;
				BUNDLE_LOADER = "$(TEST_HOST)";
				CODE_SIGN_STYLE = Automatic;
				CURRENT_PROJECT_VERSION = 1;
				GENERATE_INFOPLIST_FILE = YES;
				IPHONEOS_DEPLOYMENT_TARGET = 17.2;
				MARKETING_VERSION = 1.0;
				PRODUCT_BUNDLE_IDENTIFIER = com.irfanakgul.CatchTheKennyGameTests;
				PRODUCT_NAME = "$(TARGET_NAME)";
				SWIFT_EMIT_LOC_STRINGS = NO;
				SWIFT_VERSION = 5.0;
				TARGETED_DEVICE_FAMILY = "1,2";
				TEST_HOST = "$(BUILT_PRODUCTS_DIR)/CatchTheKennyGame.app/$(BUNDLE_EXECUTABLE_FOLDER_PATH)/CatchTheKennyGame";
			};
			name = Release;
		};
		2976C81D2B534A3600BFBA57 /* Debug */ = {
			isa = XCBuildConfiguration;
			buildSettings = {
				ALWAYS_EMBED_SWIFT_STANDARD_LIBRARIES = YES;
				CODE_SIGN_STYLE = Automatic;
				CURRENT_PROJECT_VERSION = 1;
				GENERATE_INFOPLIST_FILE = YES;
				MARKETING_VERSION = 1.0;
				PRODUCT_BUNDLE_IDENTIFIER = com.irfanakgul.CatchTheKennyGameUITests;
				PRODUCT_NAME = "$(TARGET_NAME)";
				SWIFT_EMIT_LOC_STRINGS = NO;
				SWIFT_VERSION = 5.0;
				TARGETED_DEVICE_FAMILY = "1,2";
				TEST_TARGET_NAME = CatchTheKennyGame;
			};
			name = Debug;
		};
		2976C81E2B534A3600BFBA57 /* Release */ = {
			isa = XCBuildConfiguration;
			buildSettings = {
				ALWAYS_EMBED_SWIFT_STANDARD_LIBRARIES = YES;
				CODE_SIGN_STYLE = Automatic;
				CURRENT_PROJECT_VERSION = 1;
				GENERATE_INFOPLIST_FILE = YES;
				MARKETING_VERSION = 1.0;
				PRODUCT_BUNDLE_IDENTIFIER = com.irfanakgul.CatchTheKennyGameUITests;
				PRODUCT_NAME = "$(TARGET_NAME)";
				SWIFT_EMIT_LOC_STRINGS = NO;
				SWIFT_VERSION = 5.0;
				TARGETED_DEVICE_FAMILY = "1,2";
				TEST_TARGET_NAME = CatchTheKennyGame;
			};
			name = Release;
		};
/* End XCBuildConfiguration section */

/* Begin XCConfigurationList section */
		2976C7E72B534A3300BFBA57 /* Build configuration list for PBXProject "CatchTheKennyGame" */ = {
			isa = XCConfigurationList;
			buildConfigurations = (
				2976C8142B534A3600BFBA57 /* Debug */,
				2976C8152B534A3600BFBA57 /* Release */,
			);
			defaultConfigurationIsVisible = 0;
			defaultConfigurationName = Release;
		};
		2976C8162B534A3600BFBA57 /* Build configuration list for PBXNativeTarget "CatchTheKennyGame" */ = {
			isa = XCConfigurationList;
			buildConfigurations = (
				2976C8172B534A3600BFBA57 /* Debug */,
				2976C8182B534A3600BFBA57 /* Release */,
			);
			defaultConfigurationIsVisible = 0;
			defaultConfigurationName = Release;
		};
		2976C8192B534A3600BFBA57 /* Build configuration list for PBXNativeTarget "CatchTheKennyGameTests" */ = {
			isa = XCConfigurationList;
			buildConfigurations = (
				2976C81A2B534A3600BFBA57 /* Debug */,
				2976C81B2B534A3600BFBA57 /* Release */,
			);
			defaultConfigurationIsVisible = 0;
			defaultConfigurationName = Release;
		};
		2976C81C2B534A3600BFBA57 /* Build configuration list for PBXNativeTarget "CatchTheKennyGameUITests" */ = {
			isa = XCConfigurationList;
			buildConfigurations = (
				2976C81D2B534A3600BFBA57 /* Debug */,
				2976C81E2B534A3600BFBA57 /* Release */,
			);
			defaultConfigurationIsVisible = 0;
			defaultConfigurationName = Release;
		};
/* End XCConfigurationList section */
	};
	rootObject = 2976C7E42B534A3300BFBA57 /* Project object */;
}
