// !$*UTF8*$!
{
	archiveVersion = 1;
	classes = {
	};
	objectVersion = 56;
	objects = {

/* Begin PBXBuildFile section */
		2976C73A2B5201C000BFBA57 /* AppDelegate.swift in Sources */ = {isa = PBXBuildFile; fileRef = 2976C7392B5201C000BFBA57 /* AppDelegate.swift */; };
		2976C73C2B5201C000BFBA57 /* SceneDelegate.swift in Sources */ = {isa = PBXBuildFile; fileRef = 2976C73B2B5201C000BFBA57 /* SceneDelegate.swift */; };
		2976C73E2B5201C000BFBA57 /* ViewController.swift in Sources */ = {isa = PBXBuildFile; fileRef = 2976C73D2B5201C000BFBA57 /* ViewController.swift */; };
		2976C7412B5201C000BFBA57 /* Main.storyboard in Resources */ = {isa = PBXBuildFile; fileRef = 2976C73F2B5201C000BFBA57 /* Main.storyboard */; };
		2976C7432B5201C200BFBA57 /* Assets.xcassets in Resources */ = {isa = PBXBuildFile; fileRef = 2976C7422B5201C200BFBA57 /* Assets.xcassets */; };
		2976C7462B5201C200BFBA57 /* LaunchScreen.storyboard in Resources */ = {isa = PBXBuildFile; fileRef = 2976C7442B5201C200BFBA57 /* LaunchScreen.storyboard */; };
		2976C7512B5201C200BFBA57 /* segueAppTests.swift in Sources */ = {isa = PBXBuildFile; fileRef = 2976C7502B5201C200BFBA57 /* segueAppTests.swift */; };
		2976C75B2B5201C200BFBA57 /* segueAppUITests.swift in Sources */ = {isa = PBXBuildFile; fileRef = 2976C75A2B5201C200BFBA57 /* segueAppUITests.swift */; };
		2976C75D2B5201C200BFBA57 /* segueAppUITestsLaunchTests.swift in Sources */ = {isa = PBXBuildFile; fileRef = 2976C75C2B5201C200BFBA57 /* segueAppUITestsLaunchTests.swift */; };
		2976C76A2B5203A600BFBA57 /* SecondViewController.swift in Sources */ = {isa = PBXBuildFile; fileRef = 2976C7692B5203A600BFBA57 /* SecondViewController.swift */; };
/* End PBXBuildFile section */

/* Begin PBXContainerItemProxy section */
		2976C74D2B5201C200BFBA57 /* PBXContainerItemProxy */ = {
			isa = PBXContainerItemProxy;
			containerPortal = 2976C72E2B5201C000BFBA57 /* Project object */;
			proxyType = 1;
			remoteGlobalIDString = 2976C7352B5201C000BFBA57;
			remoteInfo = segueApp;
		};
		2976C7572B5201C200BFBA57 /* PBXContainerItemProxy */ = {
			isa = PBXContainerItemProxy;
			containerPortal = 2976C72E2B5201C000BFBA57 /* Project object */;
			proxyType = 1;
			remoteGlobalIDString = 2976C7352B5201C000BFBA57;
			remoteInfo = segueApp;
		};
/* End PBXContainerItemProxy section */

/* Begin PBXFileReference section */
		2976C7362B5201C000BFBA57 /* segueApp.app */ = {isa = PBXFileReference; explicitFileType = wrapper.application; includeInIndex = 0; path = segueApp.app; sourceTree = BUILT_PRODUCTS_DIR; };
		2976C7392B5201C000BFBA57 /* AppDelegate.swift */ = {isa = PBXFileReference; lastKnownFileType = sourcecode.swift; path = AppDelegate.swift; sourceTree = "<group>"; };
		2976C73B2B5201C000BFBA57 /* SceneDelegate.swift */ = {isa = PBXFileReference; lastKnownFileType = sourcecode.swift; path = SceneDelegate.swift; sourceTree = "<group>"; };
		2976C73D2B5201C000BFBA57 /* ViewController.swift */ = {isa = PBXFileReference; lastKnownFileType = sourcecode.swift; path = ViewController.swift; sourceTree = "<group>"; };
		2976C7402B5201C000BFBA57 /* Base */ = {isa = PBXFileReference; lastKnownFileType = file.storyboard; name = Base; path = Base.lproj/Main.storyboard; sourceTree = "<group>"; };
		2976C7422B5201C200BFBA57 /* Assets.xcassets */ = {isa = PBXFileReference; lastKnownFileType = folder.assetcatalog; path = Assets.xcassets; sourceTree = "<group>"; };
		2976C7452B5201C200BFBA57 /* Base */ = {isa = PBXFileReference; lastKnownFileType = file.storyboard; name = Base; path = Base.lproj/LaunchScreen.storyboard; sourceTree = "<group>"; };
		2976C7472B5201C200BFBA57 /* Info.plist */ = {isa = PBXFileReference; lastKnownFileType = text.plist.xml; path = Info.plist; sourceTree = "<group>"; };
		2976C74C2B5201C200BFBA57 /* segueAppTests.xctest */ = {isa = PBXFileReference; explicitFileType = wrapper.cfbundle; includeInIndex = 0; path = segueAppTests.xctest; sourceTree = BUILT_PRODUCTS_DIR; };
		2976C7502B5201C200BFBA57 /* segueAppTests.swift */ = {isa = PBXFileReference; lastKnownFileType = sourcecode.swift; path = segueAppTests.swift; sourceTree = "<group>"; };
		2976C7562B5201C200BFBA57 /* segueAppUITests.xctest */ = {isa = PBXFileReference; explicitFileType = wrapper.cfbundle; includeInIndex = 0; path = segueAppUITests.xctest; sourceTree = BUILT_PRODUCTS_DIR; };
		2976C75A2B5201C200BFBA57 /* segueAppUITests.swift */ = {isa = PBXFileReference; lastKnownFileType = sourcecode.swift; path = segueAppUITests.swift; sourceTree = "<group>"; };
		2976C75C2B5201C200BFBA57 /* segueAppUITestsLaunchTests.swift */ = {isa = PBXFileReference; lastKnownFileType = sourcecode.swift; path = segueAppUITestsLaunchTests.swift; sourceTree = "<group>"; };
		2976C7692B5203A600BFBA57 /* SecondViewController.swift */ = {isa = PBXFileReference; lastKnownFileType = sourcecode.swift; path = SecondViewController.swift; sourceTree = "<group>"; };
/* End PBXFileReference section */

/* Begin PBXFrameworksBuildPhase section */
		2976C7332B5201C000BFBA57 /* Frameworks */ = {
			isa = PBXFrameworksBuildPhase;
			buildActionMask = 2147483647;
			files = (
			);
			runOnlyForDeploymentPostprocessing = 0;
		};
		2976C7492B5201C200BFBA57 /* Frameworks */ = {
			isa = PBXFrameworksBuildPhase;
			buildActionMask = 2147483647;
			files = (
			);
			runOnlyForDeploymentPostprocessing = 0;
		};
		2976C7532B5201C200BFBA57 /* Frameworks */ = {
			isa = PBXFrameworksBuildPhase;
			buildActionMask = 2147483647;
			files = (
			);
			runOnlyForDeploymentPostprocessing = 0;
		};
/* End PBXFrameworksBuildPhase section */

/* Begin PBXGroup section */
		2976C72D2B5201C000BFBA57 = {
			isa = PBXGroup;
			children = (
				2976C7382B5201C000BFBA57 /* segueApp */,
				2976C74F2B5201C200BFBA57 /* segueAppTests */,
				2976C7592B5201C200BFBA57 /* segueAppUITests */,
				2976C7372B5201C000BFBA57 /* Products */,
			);
			sourceTree = "<group>";
		};
		2976C7372B5201C000BFBA57 /* Products */ = {
			isa = PBXGroup;
			children = (
				2976C7362B5201C000BFBA57 /* segueApp.app */,
				2976C74C2B5201C200BFBA57 /* segueAppTests.xctest */,
				2976C7562B5201C200BFBA57 /* segueAppUITests.xctest */,
			);
			name = Products;
			sourceTree = "<group>";
		};
		2976C7382B5201C000BFBA57 /* segueApp */ = {
			isa = PBXGroup;
			children = (
				2976C7392B5201C000BFBA57 /* AppDelegate.swift */,
				2976C73B2B5201C000BFBA57 /* SceneDelegate.swift */,
				2976C73D2B5201C000BFBA57 /* ViewController.swift */,
				2976C73F2B5201C000BFBA57 /* Main.storyboard */,
				2976C7422B5201C200BFBA57 /* Assets.xcassets */,
				2976C7442B5201C200BFBA57 /* LaunchScreen.storyboard */,
				2976C7472B5201C200BFBA57 /* Info.plist */,
				2976C7692B5203A600BFBA57 /* SecondViewController.swift */,
			);
			path = segueApp;
			sourceTree = "<group>";
		};
		2976C74F2B5201C200BFBA57 /* segueAppTests */ = {
			isa = PBXGroup;
			children = (
				2976C7502B5201C200BFBA57 /* segueAppTests.swift */,
			);
			path = segueAppTests;
			sourceTree = "<group>";
		};
		2976C7592B5201C200BFBA57 /* segueAppUITests */ = {
			isa = PBXGroup;
			children = (
				2976C75A2B5201C200BFBA57 /* segueAppUITests.swift */,
				2976C75C2B5201C200BFBA57 /* segueAppUITestsLaunchTests.swift */,
			);
			path = segueAppUITests;
			sourceTree = "<group>";
		};
/* End PBXGroup section */

/* Begin PBXNativeTarget section */
		2976C7352B5201C000BFBA57 /* segueApp */ = {
			isa = PBXNativeTarget;
			buildConfigurationList = 2976C7602B5201C200BFBA57 /* Build configuration list for PBXNativeTarget "segueApp" */;
			buildPhases = (
				2976C7322B5201C000BFBA57 /* Sources */,
				2976C7332B5201C000BFBA57 /* Frameworks */,
				2976C7342B5201C000BFBA57 /* Resources */,
			);
			buildRules = (
			);
			dependencies = (
			);
			name = segueApp;
			productName = segueApp;
			productReference = 2976C7362B5201C000BFBA57 /* segueApp.app */;
			productType = "com.apple.product-type.application";
		};
		2976C74B2B5201C200BFBA57 /* segueAppTests */ = {
			isa = PBXNativeTarget;
			buildConfigurationList = 2976C7632B5201C200BFBA57 /* Build configuration list for PBXNativeTarget "segueAppTests" */;
			buildPhases = (
				2976C7482B5201C200BFBA57 /* Sources */,
				2976C7492B5201C200BFBA57 /* Frameworks */,
				2976C74A2B5201C200BFBA57 /* Resources */,
			);
			buildRules = (
			);
			dependencies = (
				2976C74E2B5201C200BFBA57 /* PBXTargetDependency */,
			);
			name = segueAppTests;
			productName = segueAppTests;
			productReference = 2976C74C2B5201C200BFBA57 /* segueAppTests.xctest */;
			productType = "com.apple.product-type.bundle.unit-test";
		};
		2976C7552B5201C200BFBA57 /* segueAppUITests */ = {
			isa = PBXNativeTarget;
			buildConfigurationList = 2976C7662B5201C200BFBA57 /* Build configuration list for PBXNativeTarget "segueAppUITests" */;
			buildPhases = (
				2976C7522B5201C200BFBA57 /* Sources */,
				2976C7532B5201C200BFBA57 /* Frameworks */,
				2976C7542B5201C200BFBA57 /* Resources */,
			);
			buildRules = (
			);
			dependencies = (
				2976C7582B5201C200BFBA57 /* PBXTargetDependency */,
			);
			name = segueAppUITests;
			productName = segueAppUITests;
			productReference = 2976C7562B5201C200BFBA57 /* segueAppUITests.xctest */;
			productType = "com.apple.product-type.bundle.ui-testing";
		};
/* End PBXNativeTarget section */

/* Begin PBXProject section */
		2976C72E2B5201C000BFBA57 /* Project object */ = {
			isa = PBXProject;
			attributes = {
				BuildIndependentTargetsInParallel = 1;
				LastSwiftUpdateCheck = 1520;
				LastUpgradeCheck = 1520;
				TargetAttributes = {
					2976C7352B5201C000BFBA57 = {
						CreatedOnToolsVersion = 15.2;
					};
					2976C74B2B5201C200BFBA57 = {
						CreatedOnToolsVersion = 15.2;
						TestTargetID = 2976C7352B5201C000BFBA57;
					};
					2976C7552B5201C200BFBA57 = {
						CreatedOnToolsVersion = 15.2;
						TestTargetID = 2976C7352B5201C000BFBA57;
					};
				};
			};
			buildConfigurationList = 2976C7312B5201C000BFBA57 /* Build configuration list for PBXProject "segueApp" */;
			compatibilityVersion = "Xcode 14.0";
			developmentRegion = en;
			hasScannedForEncodings = 0;
			knownRegions = (
				en,
				Base,
			);
			mainGroup = 2976C72D2B5201C000BFBA57;
			productRefGroup = 2976C7372B5201C000BFBA57 /* Products */;
			projectDirPath = "";
			projectRoot = "";
			targets = (
				2976C7352B5201C000BFBA57 /* segueApp */,
				2976C74B2B5201C200BFBA57 /* segueAppTests */,
				2976C7552B5201C200BFBA57 /* segueAppUITests */,
			);
		};
/* End PBXProject section */

/* Begin PBXResourcesBuildPhase section */
		2976C7342B5201C000BFBA57 /* Resources */ = {
			isa = PBXResourcesBuildPhase;
			buildActionMask = 2147483647;
			files = (
				2976C7462B5201C200BFBA57 /* LaunchScreen.storyboard in Resources */,
				2976C7432B5201C200BFBA57 /* Assets.xcassets in Resources */,
				2976C7412B5201C000BFBA57 /* Main.storyboard in Resources */,
			);
			runOnlyForDeploymentPostprocessing = 0;
		};
		2976C74A2B5201C200BFBA57 /* Resources */ = {
			isa = PBXResourcesBuildPhase;
			buildActionMask = 2147483647;
			files = (
			);
			runOnlyForDeploymentPostprocessing = 0;
		};
		2976C7542B5201C200BFBA57 /* Resources */ = {
			isa = PBXResourcesBuildPhase;
			buildActionMask = 2147483647;
			files = (
			);
			runOnlyForDeploymentPostprocessing = 0;
		};
/* End PBXResourcesBuildPhase section */

/* Begin PBXSourcesBuildPhase section */
		2976C7322B5201C000BFBA57 /* Sources */ = {
			isa = PBXSourcesBuildPhase;
			buildActionMask = 2147483647;
			files = (
				2976C76A2B5203A600BFBA57 /* SecondViewController.swift in Sources */,
				2976C73E2B5201C000BFBA57 /* ViewController.swift in Sources */,
				2976C73A2B5201C000BFBA57 /* AppDelegate.swift in Sources */,
				2976C73C2B5201C000BFBA57 /* SceneDelegate.swift in Sources */,
			);
			runOnlyForDeploymentPostprocessing = 0;
		};
		2976C7482B5201C200BFBA57 /* Sources */ = {
			isa = PBXSourcesBuildPhase;
			buildActionMask = 2147483647;
			files = (
				2976C7512B5201C200BFBA57 /* segueAppTests.swift in Sources */,
			);
			runOnlyForDeploymentPostprocessing = 0;
		};
		2976C7522B5201C200BFBA57 /* Sources */ = {
			isa = PBXSourcesBuildPhase;
			buildActionMask = 2147483647;
			files = (
				2976C75D2B5201C200BFBA57 /* segueAppUITestsLaunchTests.swift in Sources */,
				2976C75B2B5201C200BFBA57 /* segueAppUITests.swift in Sources */,
			);
			runOnlyForDeploymentPostprocessing = 0;
		};
/* End PBXSourcesBuildPhase section */

/* Begin PBXTargetDependency section */
		2976C74E2B5201C200BFBA57 /* PBXTargetDependency */ = {
			isa = PBXTargetDependency;
			target = 2976C7352B5201C000BFBA57 /* segueApp */;
			targetProxy = 2976C74D2B5201C200BFBA57 /* PBXContainerItemProxy */;
		};
		2976C7582B5201C200BFBA57 /* PBXTargetDependency */ = {
			isa = PBXTargetDependency;
			target = 2976C7352B5201C000BFBA57 /* segueApp */;
			targetProxy = 2976C7572B5201C200BFBA57 /* PBXContainerItemProxy */;
		};
/* End PBXTargetDependency section */

/* Begin PBXVariantGroup section */
		2976C73F2B5201C000BFBA57 /* Main.storyboard */ = {
			isa = PBXVariantGroup;
			children = (
				2976C7402B5201C000BFBA57 /* Base */,
			);
			name = Main.storyboard;
			sourceTree = "<group>";
		};
		2976C7442B5201C200BFBA57 /* LaunchScreen.storyboard */ = {
			isa = PBXVariantGroup;
			children = (
				2976C7452B5201C200BFBA57 /* Base */,
			);
			name = LaunchScreen.storyboard;
			sourceTree = "<group>";
		};
/* End PBXVariantGroup section */

/* Begin XCBuildConfiguration section */
		2976C75E2B5201C200BFBA57 /* Debug */ = {
			isa = XCBuildConfiguration;
			buildSettings = {
				ALWAYS_SEARCH_USER_PATHS = NO;
				ASSETCATALOG_COMPILER_GENERATE_SWIFT_ASSET_SYMBOL_EXTENSIONS = YES;
				CLANG_ANALYZER_NONNULL = YES;
				CLANG_ANALYZER_NUMBER_OBJECT_CONVERSION = YES_AGGRESSIVE;
				CLANG_CXX_LANGUAGE_STANDARD = "gnu++20";
				CLANG_ENABLE_MODULES = YES;
				CLANG_ENABLE_OBJC_ARC = YES;
				CLANG_ENABLE_OBJC_WEAK = YES;
				CLANG_WARN_BLOCK_CAPTURE_AUTORELEASING = YES;
				CLANG_WARN_BOOL_CONVERSION = YES;
				CLANG_WARN_COMMA = YES;
				CLANG_WARN_CONSTANT_CONVERSION = YES;
				CLANG_WARN_DEPRECATED_OBJC_IMPLEMENTATIONS = YES;
				CLANG_WARN_DIRECT_OBJC_ISA_USAGE = YES_ERROR;
				CLANG_WARN_DOCUMENTATION_COMMENTS = YES;
				CLANG_WARN_EMPTY_BODY = YES;
				CLANG_WARN_ENUM_CONVERSION = YES;
				CLANG_WARN_INFINITE_RECURSION = YES;
				CLANG_WARN_INT_CONVERSION = YES;
				CLANG_WARN_NON_LITERAL_NULL_CONVERSION = YES;
				CLANG_WARN_OBJC_IMPLICIT_RETAIN_SELF = YES;
				CLANG_WARN_OBJC_LITERAL_CONVERSION = YES;
				CLANG_WARN_OBJC_ROOT_CLASS = YES_ERROR;
				CLANG_WARN_QUOTED_INCLUDE_IN_FRAMEWORK_HEADER = YES;
				CLANG_WARN_RANGE_LOOP_ANALYSIS = YES;
				CLANG_WARN_STRICT_PROTOTYPES = YES;
				CLANG_WARN_SUSPICIOUS_MOVE = YES;
				CLANG_WARN_UNGUARDED_AVAILABILITY = YES_AGGRESSIVE;
				CLANG_WARN_UNREACHABLE_CODE = YES;
				CLANG_WARN__DUPLICATE_METHOD_MATCH = YES;
				COPY_PHASE_STRIP = NO;
				DEBUG_INFORMATION_FORMAT = dwarf;
				ENABLE_STRICT_OBJC_MSGSEND = YES;
				ENABLE_TESTABILITY = YES;
				ENABLE_USER_SCRIPT_SANDBOXING = YES;
				GCC_C_LANGUAGE_STANDARD = gnu17;
				GCC_DYNAMIC_NO_PIC = NO;
				GCC_NO_COMMON_BLOCKS = YES;
				GCC_OPTIMIZATION_LEVEL = 0;
				GCC_PREPROCESSOR_DEFINITIONS = (
					"DEBUG=1",
					"$(inherited)",
				);
				GCC_WARN_64_TO_32_BIT_CONVERSION = YES;
				GCC_WARN_ABOUT_RETURN_TYPE = YES_ERROR;
				GCC_WARN_UNDECLARED_SELECTOR = YES;
				GCC_WARN_UNINITIALIZED_AUTOS = YES_AGGRESSIVE;
				GCC_WARN_UNUSED_FUNCTION = YES;
				GCC_WARN_UNUSED_VARIABLE = YES;
				IPHONEOS_DEPLOYMENT_TARGET = 17.2;
				LOCALIZATION_PREFERS_STRING_CATALOGS = YES;
				MTL_ENABLE_DEBUG_INFO = INCLUDE_SOURCE;
				MTL_FAST_MATH = YES;
				ONLY_ACTIVE_ARCH = YES;
				SDKROOT = iphoneos;
				SWIFT_ACTIVE_COMPILATION_CONDITIONS = "DEBUG $(inherited)";
				SWIFT_OPTIMIZATION_LEVEL = "-Onone";
			};
			name = Debug;
		};
		2976C75F2B5201C200BFBA57 /* Release */ = {
			isa = XCBuildConfiguration;
			buildSettings = {
				ALWAYS_SEARCH_USER_PATHS = NO;
				ASSETCATALOG_COMPILER_GENERATE_SWIFT_ASSET_SYMBOL_EXTENSIONS = YES;
				CLANG_ANALYZER_NONNULL = YES;
				CLANG_ANALYZER_NUMBER_OBJECT_CONVERSION = YES_AGGRESSIVE;
				CLANG_CXX_LANGUAGE_STANDARD = "gnu++20";
				CLANG_ENABLE_MODULES = YES;
				CLANG_ENABLE_OBJC_ARC = YES;
				CLANG_ENABLE_OBJC_WEAK = YES;
				CLANG_WARN_BLOCK_CAPTURE_AUTORELEASING = YES;
				CLANG_WARN_BOOL_CONVERSION = YES;
				CLANG_WARN_COMMA = YES;
				CLANG_WARN_CONSTANT_CONVERSION = YES;
				CLANG_WARN_DEPRECATED_OBJC_IMPLEMENTATIONS = YES;
				CLANG_WARN_DIRECT_OBJC_ISA_USAGE = YES_ERROR;
				CLANG_WARN_DOCUMENTATION_COMMENTS = YES;
				CLANG_WARN_EMPTY_BODY = YES;
				CLANG_WARN_ENUM_CONVERSION = YES;
				CLANG_WARN_INFINITE_RECURSION = YES;
				CLANG_WARN_INT_CONVERSION = YES;
				CLANG_WARN_NON_LITERAL_NULL_CONVERSION = YES;
				CLANG_WARN_OBJC_IMPLICIT_RETAIN_SELF = YES;
				CLANG_WARN_OBJC_LITERAL_CONVERSION = YES;
				CLANG_WARN_OBJC_ROOT_CLASS = YES_ERROR;
				CLANG_WARN_QUOTED_INCLUDE_IN_FRAMEWORK_HEADER = YES;
				CLANG_WARN_RANGE_LOOP_ANALYSIS = YES;
				CLANG_WARN_STRICT_PROTOTYPES = YES;
				CLANG_WARN_SUSPICIOUS_MOVE = YES;
				CLANG_WARN_UNGUARDED_AVAILABILITY = YES_AGGRESSIVE;
				CLANG_WARN_UNREACHABLE_CODE = YES;
				CLANG_WARN__DUPLICATE_METHOD_MATCH = YES;
				COPY_PHASE_STRIP = NO;
				DEBUG_INFORMATION_FORMAT = "dwarf-with-dsym";
				ENABLE_NS_ASSERTIONS = NO;
				ENABLE_STRICT_OBJC_MSGSEND = YES;
				ENABLE_USER_SCRIPT_SANDBOXING = YES;
				GCC_C_LANGUAGE_STANDARD = gnu17;
				GCC_NO_COMMON_BLOCKS = YES;
				GCC_WARN_64_TO_32_BIT_CONVERSION = YES;
				GCC_WARN_ABOUT_RETURN_TYPE = YES_ERROR;
				GCC_WARN_UNDECLARED_SELECTOR = YES;
				GCC_WARN_UNINITIALIZED_AUTOS = YES_AGGRESSIVE;
				GCC_WARN_UNUSED_FUNCTION = YES;
				GCC_WARN_UNUSED_VARIABLE = YES;
				IPHONEOS_DEPLOYMENT_TARGET = 17.2;
				LOCALIZATION_PREFERS_STRING_CATALOGS = YES;
				MTL_ENABLE_DEBUG_INFO = NO;
				MTL_FAST_MATH = YES;
				SDKROOT = iphoneos;
				SWIFT_COMPILATION_MODE = wholemodule;
				VALIDATE_PRODUCT = YES;
			};
			name = Release;
		};
		2976C7612B5201C200BFBA57 /* Debug */ = {
			isa = XCBuildConfiguration;
			buildSettings = {
				ASSETCATALOG_COMPILER_APPICON_NAME = AppIcon;
				ASSETCATALOG_COMPILER_GLOBAL_ACCENT_COLOR_NAME = AccentColor;
				CODE_SIGN_STYLE = Automatic;
				CURRENT_PROJECT_VERSION = 1;
				GENERATE_INFOPLIST_FILE = YES;
				INFOPLIST_FILE = segueApp/Info.plist;
				INFOPLIST_KEY_UIApplicationSupportsIndirectInputEvents = YES;
				INFOPLIST_KEY_UILaunchStoryboardName = LaunchScreen;
				INFOPLIST_KEY_UIMainStoryboardFile = Main;
				INFOPLIST_KEY_UISupportedInterfaceOrientations_iPad = "UIInterfaceOrientationPortrait UIInterfaceOrientationPortraitUpsideDown UIInterfaceOrientationLandscapeLeft UIInterfaceOrientationLandscapeRight";
				INFOPLIST_KEY_UISupportedInterfaceOrientations_iPhone = "UIInterfaceOrientationPortrait UIInterfaceOrientationLandscapeLeft UIInterfaceOrientationLandscapeRight";
				LD_RUNPATH_SEARCH_PATHS = (
					"$(inherited)",
					"@executable_path/Frameworks",
				);
				MARKETING_VERSION = 1.0;
				PRODUCT_BUNDLE_IDENTIFIER = com.irfanakgul.segueApp;
				PRODUCT_NAME = "$(TARGET_NAME)";
				SWIFT_EMIT_LOC_STRINGS = YES;
				SWIFT_VERSION = 5.0;
				TARGETED_DEVICE_FAMILY = "1,2";
			};
			name = Debug;
		};
		2976C7622B5201C200BFBA57 /* Release */ = {
			isa = XCBuildConfiguration;
			buildSettings = {
				ASSETCATALOG_COMPILER_APPICON_NAME = AppIcon;
				ASSETCATALOG_COMPILER_GLOBAL_ACCENT_COLOR_NAME = AccentColor;
				CODE_SIGN_STYLE = Automatic;
				CURRENT_PROJECT_VERSION = 1;
				GENERATE_INFOPLIST_FILE = YES;
				INFOPLIST_FILE = segueApp/Info.plist;
				INFOPLIST_KEY_UIApplicationSupportsIndirectInputEvents = YES;
				INFOPLIST_KEY_UILaunchStoryboardName = LaunchScreen;
				INFOPLIST_KEY_UIMainStoryboardFile = Main;
				INFOPLIST_KEY_UISupportedInterfaceOrientations_iPad = "UIInterfaceOrientationPortrait UIInterfaceOrientationPortraitUpsideDown UIInterfaceOrientationLandscapeLeft UIInterfaceOrientationLandscapeRight";
				INFOPLIST_KEY_UISupportedInterfaceOrientations_iPhone = "UIInterfaceOrientationPortrait UIInterfaceOrientationLandscapeLeft UIInterfaceOrientationLandscapeRight";
				LD_RUNPATH_SEARCH_PATHS = (
					"$(inherited)",
					"@executable_path/Frameworks",
				);
				MARKETING_VERSION = 1.0;
				PRODUCT_BUNDLE_IDENTIFIER = com.irfanakgul.segueApp;
				PRODUCT_NAME = "$(TARGET_NAME)";
				SWIFT_EMIT_LOC_STRINGS = YES;
				SWIFT_VERSION = 5.0;
				TARGETED_DEVICE_FAMILY = "1,2";
			};
			name = Release;
		};
		2976C7642B5201C200BFBA57 /* Debug */ = {
			isa = XCBuildConfiguration;
			buildSettings = {
				ALWAYS_EMBED_SWIFT_STANDARD_LIBRARIES = YES;
				BUNDLE_LOADER = "$(TEST_HOST)";
				CODE_SIGN_STYLE = Automatic;
				CURRENT_PROJECT_VERSION = 1;
				GENERATE_INFOPLIST_FILE = YES;
				IPHONEOS_DEPLOYMENT_TARGET = 17.2;
				MARKETING_VERSION = 1.0;
				PRODUCT_BUNDLE_IDENTIFIER = com.irfanakgul.segueAppTests;
				PRODUCT_NAME = "$(TARGET_NAME)";
				SWIFT_EMIT_LOC_STRINGS = NO;
				SWIFT_VERSION = 5.0;
				TARGETED_DEVICE_FAMILY = "1,2";
				TEST_HOST = "$(BUILT_PRODUCTS_DIR)/segueApp.app/$(BUNDLE_EXECUTABLE_FOLDER_PATH)/segueApp";
			};
			name = Debug;
		};
		2976C7652B5201C200BFBA57 /* Release */ = {
			isa = XCBuildConfiguration;
			buildSettings = {
				ALWAYS_EMBED_SWIFT_STANDARD_LIBRARIES = YES;
				BUNDLE_LOADER = "$(TEST_HOST)";
				CODE_SIGN_STYLE = Automatic;
				CURRENT_PROJECT_VERSION = 1;
				GENERATE_INFOPLIST_FILE = YES;
				IPHONEOS_DEPLOYMENT_TARGET = 17.2;
				MARKETING_VERSION = 1.0;
				PRODUCT_BUNDLE_IDENTIFIER = com.irfanakgul.segueAppTests;
				PRODUCT_NAME = "$(TARGET_NAME)";
				SWIFT_EMIT_LOC_STRINGS = NO;
				SWIFT_VERSION = 5.0;
				TARGETED_DEVICE_FAMILY = "1,2";
				TEST_HOST = "$(BUILT_PRODUCTS_DIR)/segueApp.app/$(BUNDLE_EXECUTABLE_FOLDER_PATH)/segueApp";
			};
			name = Release;
		};
		2976C7672B5201C200BFBA57 /* Debug */ = {
			isa = XCBuildConfiguration;
			buildSettings = {
				ALWAYS_EMBED_SWIFT_STANDARD_LIBRARIES = YES;
				CODE_SIGN_STYLE = Automatic;
				CURRENT_PROJECT_VERSION = 1;
				GENERATE_INFOPLIST_FILE = YES;
				MARKETING_VERSION = 1.0;
				PRODUCT_BUNDLE_IDENTIFIER = com.irfanakgul.segueAppUITests;
				PRODUCT_NAME = "$(TARGET_NAME)";
				SWIFT_EMIT_LOC_STRINGS = NO;
				SWIFT_VERSION = 5.0;
				TARGETED_DEVICE_FAMILY = "1,2";
				TEST_TARGET_NAME = segueApp;
			};
			name = Debug;
		};
		2976C7682B5201C200BFBA57 /* Release */ = {
			isa = XCBuildConfiguration;
			buildSettings = {
				ALWAYS_EMBED_SWIFT_STANDARD_LIBRARIES = YES;
				CODE_SIGN_STYLE = Automatic;
				CURRENT_PROJECT_VERSION = 1;
				GENERATE_INFOPLIST_FILE = YES;
				MARKETING_VERSION = 1.0;
				PRODUCT_BUNDLE_IDENTIFIER = com.irfanakgul.segueAppUITests;
				PRODUCT_NAME = "$(TARGET_NAME)";
				SWIFT_EMIT_LOC_STRINGS = NO;
				SWIFT_VERSION = 5.0;
				TARGETED_DEVICE_FAMILY = "1,2";
				TEST_TARGET_NAME = segueApp;
			};
			name = Release;
		};
/* End XCBuildConfiguration section */

/* Begin XCConfigurationList section */
		2976C7312B5201C000BFBA57 /* Build configuration list for PBXProject "segueApp" */ = {
			isa = XCConfigurationList;
			buildConfigurations = (
				2976C75E2B5201C200BFBA57 /* Debug */,
				2976C75F2B5201C200BFBA57 /* Release */,
			);
			defaultConfigurationIsVisible = 0;
			defaultConfigurationName = Release;
		};
		2976C7602B5201C200BFBA57 /* Build configuration list for PBXNativeTarget "segueApp" */ = {
			isa = XCConfigurationList;
			buildConfigurations = (
				2976C7612B5201C200BFBA57 /* Debug */,
				2976C7622B5201C200BFBA57 /* Release */,
			);
			defaultConfigurationIsVisible = 0;
			defaultConfigurationName = Release;
		};
		2976C7632B5201C200BFBA57 /* Build configuration list for PBXNativeTarget "segueAppTests" */ = {
			isa = XCConfigurationList;
			buildConfigurations = (
				2976C7642B5201C200BFBA57 /* Debug */,
				2976C7652B5201C200BFBA57 /* Release */,
			);
			defaultConfigurationIsVisible = 0;
			defaultConfigurationName = Release;
		};
		2976C7662B5201C200BFBA57 /* Build configuration list for PBXNativeTarget "segueAppUITests" */ = {
			isa = XCConfigurationList;
			buildConfigurations = (
				2976C7672B5201C200BFBA57 /* Debug */,
				2976C7682B5201C200BFBA57 /* Release */,
			);
			defaultConfigurationIsVisible = 0;
			defaultConfigurationName = Release;
		};
/* End XCConfigurationList section */
	};
	rootObject = 2976C72E2B5201C000BFBA57 /* Project object */;
}
